github.com/stephlocke/slamp v0.0.0-20220218190908-5bc6d9ba1e8e h1:pHmUURV0m+CUMTZ8HGxyVvBtzYkMUbtBAxHiQEyThG0=
github.com/stephlocke/slamp v0.0.0-20220218190908-5bc6d9ba1e8e/go.mod h1:gaaV2xmpUlk13Nemwxbv7esZTomXqtDTx93QjnaHYYc=
github.com/stephlocke/slamp v0.0.0-20220220112533-83d458e61b17 h1:+cX4/3N/3FplVqjFdZU0t8PXM3FgOPnCTSelUWLimsQ=
github.com/stephlocke/slamp v0.0.0-20220220112533-83d458e61b17/go.mod h1:gaaV2xmpUlk13Nemwxbv7esZTomXqtDTx93QjnaHYYc=
github.com/stephlocke/slamp v0.0.0-20220220112821-9281993d4cd3 h1:7y8ndcYJ51nEaL6UOurEfrylqYKVNNNyeWSZ6VULnb0=
github.com/stephlocke/slamp v0.0.0-20220220112821-9281993d4cd3/go.mod h1:gaaV2xmpUlk13Nemwxbv7esZTomXqtDTx93QjnaHYYc=
github.com/stephlocke/slamp v0.0.0-20220220112919-0f4072453e4b h1:gw1u0Le4+gmExQGCvMLL+nDEQo+giSM3B73x3sNs2Is=
github.com/stephlocke/slamp v0.0.0-20220220112919-0f4072453e4b/go.mod h1:gaaV2xmpUlk13Nemwxbv7esZTomXqtDTx93QjnaHYYc=
github.com/stephlocke/slamp v0.0.0-20220220113424-5242953401ee h1:0FYyiilm/6S3jAJOPOjgiz1Lo4ljncMWN+fOVv+1aq8=
github.com/stephlocke/slamp v0.0.0-20220220113424-5242953401ee/go.mod h1:gaaV2xmpUlk13Nemwxbv7esZTomXqtDTx93QjnaHYYc=
github.com/stephlocke/slamp v0.0.0-20220220114631-2f4f8740ad5d h1:FDmhy55aaRDpWhqeRf2a1iNdhLG4QvIGM2UosHf/B/g=
github.com/stephlocke/slamp v0.0.0-20220220114631-2f4f8740ad5d/go.mod h1:gaaV2xmpUlk13Nemwxbv7esZTomXqtDTx93QjnaHYYc=
github.com/stephlocke/slamp v0.0.0-20220220114701-867131535d5c h1:oLSIGtMk3b/h4EGn1zVy+q+GE4ary0HsJPU9R/RThG8=
github.com/stephlocke/slamp v0.0.0-20220220114701-867131535d5c/go.mod h1:gaaV2xmpUlk13Nemwxbv7esZTomXqtDTx93QjnaHYYc=
github.com/stephlocke/slamp v0.0.0-20220220121713-8fbcbf965e06 h1:Ad0PDli5GMAoRL26cVUXUTgZ4pxoZk6V9SsdA8xks80=
github.com/stephlocke/slamp v0.0.0-20220220121713-8fbcbf965e06/go.mod h1:gaaV2xmpUlk13Nemwxbv7esZTomXqtDTx93QjnaHYYc=
github.com/stephlocke/slamp v0.0.0-20220220123034-9e0b74cd574b h1:rnAA9JDdyO11MYX39eAuU7u9yoVL2tvJKYSXeIIabac=
github.com/stephlocke/slamp v0.0.0-20220220123034-9e0b74cd574b/go.mod h1:gaaV2xmpUlk13Nemwxbv7esZTomXqtDTx93QjnaHYYc=
github.com/stephlocke/slamp v0.0.0-20220220123458-b5458a2ade95 h1:K2RmGTOPQC8kqldvoRmbx0zzmz0y4IwQunT0jz1hASw=
github.com/stephlocke/slamp v0.0.0-20220220123458-b5458a2ade95/go.mod h1:gaaV2xmpUlk13Nemwxbv7esZTomXqtDTx93QjnaHYYc=
github.com/stephlocke/slamp v0.0.0-20220220123530-2b9f0eaa9608 h1:8ZpBL3WxeJQVQS8diCYJc0OXHFqxp5+6J3FAS+w/a/8=
github.com/stephlocke/slamp v0.0.0-20220220123530-2b9f0eaa9608/go.mod h1:gaaV2xmpUlk13Nemwxbv7esZTomXqtDTx93QjnaHYYc=
github.com/stephlocke/slamp v0.0.0-20220220123641-be3a7e49cb9c h1:I2lQBqB2oh9s8Vol0mwjux42SGXAOzQCKI1r6DiqWDk=
github.com/stephlocke/slamp v0.0.0-20220220123641-be3a7e49cb9c/go.mod h1:gaaV2xmpUlk13Nemwxbv7esZTomXqtDTx93QjnaHYYc=
github.com/stephlocke/slamp v0.0.0-20220224193235-ca426fb8cea8 h1:wH0KwwZhRSO4kL2qUjrUzndgzSYoJk8xC+oInYY/0BA=
github.com/stephlocke/slamp v0.0.0-20220224193235-ca426fb8cea8/go.mod h1:dhLgbYRipp/e3aLD1/mpBWJsLVpFwNh5S6REA/Yc4FM=
